
Microsoft Visual Studio Solution File, Format Version 12.00
# Visual Studio 15
VisualStudioVersion = 15.0.27703.2000
MinimumVisualStudioVersion = 10.0.40219.1
Project("{FAE04EC0-301F-11D3-BF4B-00C04F79EFBC}") = "ConsoleApp1", "ConsoleApp1\ConsoleApp1.csproj", "{5B6D6968-1951-43A3-BE2F-1A315FD1EC05}"
EndProject
Project("{FAE04EC0-301F-11D3-BF4B-00C04F79EFBC}") = "CoursePlanning", "CoursePlanning\CoursePlanning.csproj", "{7E13D4D9-FF18-4EB3-A406-3D9A4C46BA2A}"
EndProject
Project("{FAE04EC0-301F-11D3-BF4B-00C04F79EFBC}") = "BarIncome", "BarIncome\BarIncome.csproj", "{D1A810EB-48C5-4B32-9442-037B63C17EAD}"
EndProject
Project("{FAE04EC0-301F-11D3-BF4B-00C04F79EFBC}") = "ExamResults", "ExamResults\ExamResults.csproj", "{996B4796-337C-4773-A3DA-807953CED8C9}"
EndProject
Global
	GlobalSection(SolutionConfigurationPlatforms) = preSolution
		Debug|Any CPU = Debug|Any CPU
		Release|Any CPU = Release|Any CPU
	EndGlobalSection
	GlobalSection(ProjectConfigurationPlatforms) = postSolution
		{5B6D6968-1951-43A3-BE2F-1A315FD1EC05}.Debug|Any CPU.ActiveCfg = Debug|Any CPU
		{5B6D6968-1951-43A3-BE2F-1A315FD1EC05}.Debug|Any CPU.Build.0 = Debug|Any CPU
		{5B6D6968-1951-43A3-BE2F-1A315FD1EC05}.Release|Any CPU.ActiveCfg = Release|Any CPU
		{5B6D6968-1951-43A3-BE2F-1A315FD1EC05}.Release|Any CPU.Build.0 = Release|Any CPU
		{7E13D4D9-FF18-4EB3-A406-3D9A4C46BA2A}.Debug|Any CPU.ActiveCfg = Debug|Any CPU
		{7E13D4D9-FF18-4EB3-A406-3D9A4C46BA2A}.Debug|Any CPU.Build.0 = Debug|Any CPU
		{7E13D4D9-FF18-4EB3-A406-3D9A4C46BA2A}.Release|Any CPU.ActiveCfg = Release|Any CPU
		{7E13D4D9-FF18-4EB3-A406-3D9A4C46BA2A}.Release|Any CPU.Build.0 = Release|Any CPU
		{D1A810EB-48C5-4B32-9442-037B63C17EAD}.Debug|Any CPU.ActiveCfg = Debug|Any CPU
		{D1A810EB-48C5-4B32-9442-037B63C17EAD}.Debug|Any CPU.Build.0 = Debug|Any CPU
		{D1A810EB-48C5-4B32-9442-037B63C17EAD}.Release|Any CPU.ActiveCfg = Release|Any CPU
		{D1A810EB-48C5-4B32-9442-037B63C17EAD}.Release|Any CPU.Build.0 = Release|Any CPU
		{996B4796-337C-4773-A3DA-807953CED8C9}.Debug|Any CPU.ActiveCfg = Debug|Any CPU
		{996B4796-337C-4773-A3DA-807953CED8C9}.Debug|Any CPU.Build.0 = Debug|Any CPU
		{996B4796-337C-4773-A3DA-807953CED8C9}.Release|Any CPU.ActiveCfg = Release|Any CPU
		{996B4796-337C-4773-A3DA-807953CED8C9}.Release|Any CPU.Build.0 = Release|Any CPU
	EndGlobalSection
	GlobalSection(SolutionProperties) = preSolution
		HideSolutionNode = FALSE
	EndGlobalSection
	GlobalSection(ExtensibilityGlobals) = postSolution
		SolutionGuid = {975E40A8-41AD-4FB5-B73E-8D1CA0B1CBFE}
	EndGlobalSection
EndGlobal
