
Microsoft Visual Studio Solution File, Format Version 12.00
# Visual Studio 15
VisualStudioVersion = 15.0.27130.2036
MinimumVisualStudioVersion = 10.0.40219.1
Project("{9A19103F-16F7-4668-BE54-9A1E7A4F7556}") = "StringsAndTextProcessing", "StringsAndTextProcessing\StringsAndTextProcessing.csproj", "{1D3E4E49-AD6A-4FA4-8FC6-72A639582B2B}"
EndProject
Project("{2150E333-8FDC-42A3-9474-1A3956D46DE8}") = "StringProceeding", "StringProceeding", "{EAC72202-F7D9-4AF7-9A5F-5F33B3B811F5}"
EndProject
Project("{9A19103F-16F7-4668-BE54-9A1E7A4F7556}") = "Base10ToBaseN", "Base10ToBaseN\Base10ToBaseN.csproj", "{BD5A6C62-EC36-47BE-8A8B-B7F6580A5E44}"
EndProject
Project("{9A19103F-16F7-4668-BE54-9A1E7A4F7556}") = "BaseNtoBase10", "BaseNtoBase10\BaseNtoBase10.csproj", "{63A7E5B8-01A0-4464-B364-4BDE73178AEB}"
EndProject
Project("{9A19103F-16F7-4668-BE54-9A1E7A4F7556}") = "UnicodeChars", "UnicodeChars\UnicodeChars.csproj", "{D3F0E26A-8A8D-4076-9B58-BBD28F1D46ED}"
EndProject
Project("{9A19103F-16F7-4668-BE54-9A1E7A4F7556}") = "CharacterMultiplier", "CharacterMultiplier\CharacterMultiplier.csproj", "{1E4F0184-1276-43A7-9AB9-C6B4F89CAFF5}"
EndProject
Project("{9A19103F-16F7-4668-BE54-9A1E7A4F7556}") = "ExchangeableWords", "ExchangeableWords\ExchangeableWords.csproj", "{9CDE9099-E88C-4E1F-925E-A58F54EA6500}"
EndProject
Project("{9A19103F-16F7-4668-BE54-9A1E7A4F7556}") = "SumBigInteger", "SumBigInteger\SumBigInteger.csproj", "{8048CF7C-0C92-44B8-8D5F-ABAFE5D38C18}"
EndProject
Project("{9A19103F-16F7-4668-BE54-9A1E7A4F7556}") = "MultiplyBigNumber", "MultiplyBigNumber\MultiplyBigNumber.csproj", "{4FBA31A5-BEB9-4B03-917E-3C24986EB4A8}"
EndProject
Project("{FAE04EC0-301F-11D3-BF4B-00C04F79EFBC}") = "Letters Change Numbers", "Letters Change Numbers\Letters Change Numbers.csproj", "{98D8BC62-71CF-49D5-9836-7A8571773EF2}"
EndProject
Project("{FAE04EC0-301F-11D3-BF4B-00C04F79EFBC}") = "MelrahShake", "MelrahShake\MelrahShake.csproj", "{E94C1C9C-1AD8-410B-860A-D6BE23947839}"
EndProject
Global
	GlobalSection(SolutionConfigurationPlatforms) = preSolution
		Debug|Any CPU = Debug|Any CPU
		Release|Any CPU = Release|Any CPU
	EndGlobalSection
	GlobalSection(ProjectConfigurationPlatforms) = postSolution
		{1D3E4E49-AD6A-4FA4-8FC6-72A639582B2B}.Debug|Any CPU.ActiveCfg = Debug|Any CPU
		{1D3E4E49-AD6A-4FA4-8FC6-72A639582B2B}.Debug|Any CPU.Build.0 = Debug|Any CPU
		{1D3E4E49-AD6A-4FA4-8FC6-72A639582B2B}.Release|Any CPU.ActiveCfg = Release|Any CPU
		{1D3E4E49-AD6A-4FA4-8FC6-72A639582B2B}.Release|Any CPU.Build.0 = Release|Any CPU
		{BD5A6C62-EC36-47BE-8A8B-B7F6580A5E44}.Debug|Any CPU.ActiveCfg = Debug|Any CPU
		{BD5A6C62-EC36-47BE-8A8B-B7F6580A5E44}.Debug|Any CPU.Build.0 = Debug|Any CPU
		{BD5A6C62-EC36-47BE-8A8B-B7F6580A5E44}.Release|Any CPU.ActiveCfg = Release|Any CPU
		{BD5A6C62-EC36-47BE-8A8B-B7F6580A5E44}.Release|Any CPU.Build.0 = Release|Any CPU
		{63A7E5B8-01A0-4464-B364-4BDE73178AEB}.Debug|Any CPU.ActiveCfg = Debug|Any CPU
		{63A7E5B8-01A0-4464-B364-4BDE73178AEB}.Debug|Any CPU.Build.0 = Debug|Any CPU
		{63A7E5B8-01A0-4464-B364-4BDE73178AEB}.Release|Any CPU.ActiveCfg = Release|Any CPU
		{63A7E5B8-01A0-4464-B364-4BDE73178AEB}.Release|Any CPU.Build.0 = Release|Any CPU
		{D3F0E26A-8A8D-4076-9B58-BBD28F1D46ED}.Debug|Any CPU.ActiveCfg = Debug|Any CPU
		{D3F0E26A-8A8D-4076-9B58-BBD28F1D46ED}.Debug|Any CPU.Build.0 = Debug|Any CPU
		{D3F0E26A-8A8D-4076-9B58-BBD28F1D46ED}.Release|Any CPU.ActiveCfg = Release|Any CPU
		{D3F0E26A-8A8D-4076-9B58-BBD28F1D46ED}.Release|Any CPU.Build.0 = Release|Any CPU
		{1E4F0184-1276-43A7-9AB9-C6B4F89CAFF5}.Debug|Any CPU.ActiveCfg = Debug|Any CPU
		{1E4F0184-1276-43A7-9AB9-C6B4F89CAFF5}.Debug|Any CPU.Build.0 = Debug|Any CPU
		{1E4F0184-1276-43A7-9AB9-C6B4F89CAFF5}.Release|Any CPU.ActiveCfg = Release|Any CPU
		{1E4F0184-1276-43A7-9AB9-C6B4F89CAFF5}.Release|Any CPU.Build.0 = Release|Any CPU
		{9CDE9099-E88C-4E1F-925E-A58F54EA6500}.Debug|Any CPU.ActiveCfg = Debug|Any CPU
		{9CDE9099-E88C-4E1F-925E-A58F54EA6500}.Debug|Any CPU.Build.0 = Debug|Any CPU
		{9CDE9099-E88C-4E1F-925E-A58F54EA6500}.Release|Any CPU.ActiveCfg = Release|Any CPU
		{9CDE9099-E88C-4E1F-925E-A58F54EA6500}.Release|Any CPU.Build.0 = Release|Any CPU
		{8048CF7C-0C92-44B8-8D5F-ABAFE5D38C18}.Debug|Any CPU.ActiveCfg = Debug|Any CPU
		{8048CF7C-0C92-44B8-8D5F-ABAFE5D38C18}.Debug|Any CPU.Build.0 = Debug|Any CPU
		{8048CF7C-0C92-44B8-8D5F-ABAFE5D38C18}.Release|Any CPU.ActiveCfg = Release|Any CPU
		{8048CF7C-0C92-44B8-8D5F-ABAFE5D38C18}.Release|Any CPU.Build.0 = Release|Any CPU
		{4FBA31A5-BEB9-4B03-917E-3C24986EB4A8}.Debug|Any CPU.ActiveCfg = Debug|Any CPU
		{4FBA31A5-BEB9-4B03-917E-3C24986EB4A8}.Debug|Any CPU.Build.0 = Debug|Any CPU
		{4FBA31A5-BEB9-4B03-917E-3C24986EB4A8}.Release|Any CPU.ActiveCfg = Release|Any CPU
		{4FBA31A5-BEB9-4B03-917E-3C24986EB4A8}.Release|Any CPU.Build.0 = Release|Any CPU
		{98D8BC62-71CF-49D5-9836-7A8571773EF2}.Debug|Any CPU.ActiveCfg = Debug|Any CPU
		{98D8BC62-71CF-49D5-9836-7A8571773EF2}.Debug|Any CPU.Build.0 = Debug|Any CPU
		{98D8BC62-71CF-49D5-9836-7A8571773EF2}.Release|Any CPU.ActiveCfg = Release|Any CPU
		{98D8BC62-71CF-49D5-9836-7A8571773EF2}.Release|Any CPU.Build.0 = Release|Any CPU
		{E94C1C9C-1AD8-410B-860A-D6BE23947839}.Debug|Any CPU.ActiveCfg = Debug|Any CPU
		{E94C1C9C-1AD8-410B-860A-D6BE23947839}.Debug|Any CPU.Build.0 = Debug|Any CPU
		{E94C1C9C-1AD8-410B-860A-D6BE23947839}.Release|Any CPU.ActiveCfg = Release|Any CPU
		{E94C1C9C-1AD8-410B-860A-D6BE23947839}.Release|Any CPU.Build.0 = Release|Any CPU
	EndGlobalSection
	GlobalSection(SolutionProperties) = preSolution
		HideSolutionNode = FALSE
	EndGlobalSection
	GlobalSection(NestedProjects) = preSolution
		{BD5A6C62-EC36-47BE-8A8B-B7F6580A5E44} = {EAC72202-F7D9-4AF7-9A5F-5F33B3B811F5}
		{63A7E5B8-01A0-4464-B364-4BDE73178AEB} = {EAC72202-F7D9-4AF7-9A5F-5F33B3B811F5}
		{D3F0E26A-8A8D-4076-9B58-BBD28F1D46ED} = {EAC72202-F7D9-4AF7-9A5F-5F33B3B811F5}
		{1E4F0184-1276-43A7-9AB9-C6B4F89CAFF5} = {EAC72202-F7D9-4AF7-9A5F-5F33B3B811F5}
		{9CDE9099-E88C-4E1F-925E-A58F54EA6500} = {EAC72202-F7D9-4AF7-9A5F-5F33B3B811F5}
		{8048CF7C-0C92-44B8-8D5F-ABAFE5D38C18} = {EAC72202-F7D9-4AF7-9A5F-5F33B3B811F5}
		{4FBA31A5-BEB9-4B03-917E-3C24986EB4A8} = {EAC72202-F7D9-4AF7-9A5F-5F33B3B811F5}
		{98D8BC62-71CF-49D5-9836-7A8571773EF2} = {EAC72202-F7D9-4AF7-9A5F-5F33B3B811F5}
		{E94C1C9C-1AD8-410B-860A-D6BE23947839} = {EAC72202-F7D9-4AF7-9A5F-5F33B3B811F5}
	EndGlobalSection
	GlobalSection(ExtensibilityGlobals) = postSolution
		SolutionGuid = {C46C6E98-8C80-42D6-BD57-7C4CD2C2CA66}
	EndGlobalSection
EndGlobal
